// !$*UTF8*$!
{
	archiveVersion = 1;
	classes = {
	};
	objectVersion = 48;
	objects = {

/* Begin PBXBuildFile section */
		9639E8E420317BDC009D8F25 /* twitterViewController.swift in Sources */ = {isa = PBXBuildFile; fileRef = 9639E8E320317BDC009D8F25 /* twitterViewController.swift */; };
		9639E8E920317D65009D8F25 /* TwitterShareExtensionUIResources.bundle in Resources */ = {isa = PBXBuildFile; fileRef = 9639E8E520317D62009D8F25 /* TwitterShareExtensionUIResources.bundle */; };
		9639E8EA20317D65009D8F25 /* TwitterKit.framework in Frameworks */ = {isa = PBXBuildFile; fileRef = 9639E8E620317D63009D8F25 /* TwitterKit.framework */; };
		9639E8EB20317D65009D8F25 /* TwitterKitResources.bundle in Resources */ = {isa = PBXBuildFile; fileRef = 9639E8E720317D64009D8F25 /* TwitterKitResources.bundle */; };
		9639E8EC20317D65009D8F25 /* TwitterCore.framework in Frameworks */ = {isa = PBXBuildFile; fileRef = 9639E8E820317D64009D8F25 /* TwitterCore.framework */; };
		9639E8F220317DB8009D8F25 /* TimelineParser.swift in Sources */ = {isa = PBXBuildFile; fileRef = 9639E8ED20317DB7009D8F25 /* TimelineParser.swift */; };
		9639E8F320317DB8009D8F25 /* TweetTableViewCell.swift in Sources */ = {isa = PBXBuildFile; fileRef = 9639E8EE20317DB7009D8F25 /* TweetTableViewCell.swift */; };
		9639E8F420317DB8009D8F25 /* Tweet.swift in Sources */ = {isa = PBXBuildFile; fileRef = 9639E8EF20317DB7009D8F25 /* Tweet.swift */; };
		9639E8F520317DB8009D8F25 /* TWGetHomeTL.swift in Sources */ = {isa = PBXBuildFile; fileRef = 9639E8F020317DB7009D8F25 /* TWGetHomeTL.swift */; };
		9639E8F620317DB8009D8F25 /* User.swift in Sources */ = {isa = PBXBuildFile; fileRef = 9639E8F120317DB8009D8F25 /* User.swift */; };
		C6305E8B202D9D6B003B06AC /* AppDelegate.swift in Sources */ = {isa = PBXBuildFile; fileRef = C6305E8A202D9D6B003B06AC /* AppDelegate.swift */; };
		C6305E92202D9D6B003B06AC /* Assets.xcassets in Resources */ = {isa = PBXBuildFile; fileRef = C6305E91202D9D6B003B06AC /* Assets.xcassets */; };
		C6305E95202D9D6B003B06AC /* LaunchScreen.storyboard in Resources */ = {isa = PBXBuildFile; fileRef = C6305E93202D9D6B003B06AC /* LaunchScreen.storyboard */; };
		C6A133BD202EAAA200E300A3 /* color_switch.swift in Sources */ = {isa = PBXBuildFile; fileRef = C6A133B6202EAAA000E300A3 /* color_switch.swift */; };
		C6A133BE202EAAA200E300A3 /* SettingViewController.swift in Sources */ = {isa = PBXBuildFile; fileRef = C6A133B7202EAAA000E300A3 /* SettingViewController.swift */; };
		C6A133BF202EAAA200E300A3 /* draw.swift in Sources */ = {isa = PBXBuildFile; fileRef = C6A133B8202EAAA100E300A3 /* draw.swift */; };
		C6A133C0202EAAA200E300A3 /* ThemeTableViewCell.swift in Sources */ = {isa = PBXBuildFile; fileRef = C6A133B9202EAAA100E300A3 /* ThemeTableViewCell.swift */; };
		C6A133C1202EAAA200E300A3 /* LeftViewController.swift in Sources */ = {isa = PBXBuildFile; fileRef = C6A133BA202EAAA100E300A3 /* LeftViewController.swift */; };
		C6A133C2202EAAA200E300A3 /* 設定管理.swift in Sources */ = {isa = PBXBuildFile; fileRef = C6A133BB202EAAA200E300A3 /* 設定管理.swift */; };
		C6A133C3202EAAA200E300A3 /* SwitchTableViewCell.swift in Sources */ = {isa = PBXBuildFile; fileRef = C6A133BC202EAAA200E300A3 /* SwitchTableViewCell.swift */; };
		C6A133C9202EAADE00E300A3 /* ViewController.swift in Sources */ = {isa = PBXBuildFile; fileRef = C6A133C4202EAADC00E300A3 /* ViewController.swift */; };
		C6A133CA202EAADE00E300A3 /* clockViewController.swift in Sources */ = {isa = PBXBuildFile; fileRef = C6A133C5202EAADC00E300A3 /* clockViewController.swift */; };
		C6A133CB202EAADE00E300A3 /* Main.storyboard in Resources */ = {isa = PBXBuildFile; fileRef = C6A133C6202EAADD00E300A3 /* Main.storyboard */; };
		C6A133CD202EAADE00E300A3 /* onlyViewController.swift in Sources */ = {isa = PBXBuildFile; fileRef = C6A133C8202EAADD00E300A3 /* onlyViewController.swift */; };
/* End PBXBuildFile section */

/* Begin PBXFileReference section */
		9639E8E320317BDC009D8F25 /* twitterViewController.swift */ = {isa = PBXFileReference; lastKnownFileType = sourcecode.swift; path = twitterViewController.swift; sourceTree = "<group>"; };
		9639E8E520317D62009D8F25 /* TwitterShareExtensionUIResources.bundle */ = {isa = PBXFileReference; lastKnownFileType = "wrapper.plug-in"; path = TwitterShareExtensionUIResources.bundle; sourceTree = "<group>"; };
		9639E8E620317D63009D8F25 /* TwitterKit.framework */ = {isa = PBXFileReference; lastKnownFileType = wrapper.framework; path = TwitterKit.framework; sourceTree = "<group>"; };
		9639E8E720317D64009D8F25 /* TwitterKitResources.bundle */ = {isa = PBXFileReference; lastKnownFileType = "wrapper.plug-in"; path = TwitterKitResources.bundle; sourceTree = "<group>"; };
		9639E8E820317D64009D8F25 /* TwitterCore.framework */ = {isa = PBXFileReference; lastKnownFileType = wrapper.framework; path = TwitterCore.framework; sourceTree = "<group>"; };
		9639E8ED20317DB7009D8F25 /* TimelineParser.swift */ = {isa = PBXFileReference; fileEncoding = 4; lastKnownFileType = sourcecode.swift; path = TimelineParser.swift; sourceTree = "<group>"; };
		9639E8EE20317DB7009D8F25 /* TweetTableViewCell.swift */ = {isa = PBXFileReference; fileEncoding = 4; lastKnownFileType = sourcecode.swift; path = TweetTableViewCell.swift; sourceTree = "<group>"; };
		9639E8EF20317DB7009D8F25 /* Tweet.swift */ = {isa = PBXFileReference; fileEncoding = 4; lastKnownFileType = sourcecode.swift; path = Tweet.swift; sourceTree = "<group>"; };
		9639E8F020317DB7009D8F25 /* TWGetHomeTL.swift */ = {isa = PBXFileReference; fileEncoding = 4; lastKnownFileType = sourcecode.swift; path = TWGetHomeTL.swift; sourceTree = "<group>"; };
		9639E8F120317DB8009D8F25 /* User.swift */ = {isa = PBXFileReference; fileEncoding = 4; lastKnownFileType = sourcecode.swift; path = User.swift; sourceTree = "<group>"; };
		C6305E87202D9D6B003B06AC /* GOOdClock.app */ = {isa = PBXFileReference; explicitFileType = wrapper.application; includeInIndex = 0; path = GOOdClock.app; sourceTree = BUILT_PRODUCTS_DIR; };
		C6305E8A202D9D6B003B06AC /* AppDelegate.swift */ = {isa = PBXFileReference; lastKnownFileType = sourcecode.swift; path = AppDelegate.swift; sourceTree = "<group>"; };
		C6305E91202D9D6B003B06AC /* Assets.xcassets */ = {isa = PBXFileReference; lastKnownFileType = folder.assetcatalog; path = Assets.xcassets; sourceTree = "<group>"; };
		C6305E94202D9D6B003B06AC /* Base */ = {isa = PBXFileReference; lastKnownFileType = file.storyboard; name = Base; path = Base.lproj/LaunchScreen.storyboard; sourceTree = "<group>"; };
		C6305E96202D9D6B003B06AC /* Info.plist */ = {isa = PBXFileReference; lastKnownFileType = text.plist.xml; path = Info.plist; sourceTree = "<group>"; };
		C6A133B6202EAAA000E300A3 /* color_switch.swift */ = {isa = PBXFileReference; fileEncoding = 4; lastKnownFileType = sourcecode.swift; path = color_switch.swift; sourceTree = "<group>"; };
		C6A133B7202EAAA000E300A3 /* SettingViewController.swift */ = {isa = PBXFileReference; fileEncoding = 4; lastKnownFileType = sourcecode.swift; path = SettingViewController.swift; sourceTree = "<group>"; };
		C6A133B8202EAAA100E300A3 /* draw.swift */ = {isa = PBXFileReference; fileEncoding = 4; lastKnownFileType = sourcecode.swift; path = draw.swift; sourceTree = "<group>"; };
		C6A133B9202EAAA100E300A3 /* ThemeTableViewCell.swift */ = {isa = PBXFileReference; fileEncoding = 4; lastKnownFileType = sourcecode.swift; path = ThemeTableViewCell.swift; sourceTree = "<group>"; };
		C6A133BA202EAAA100E300A3 /* LeftViewController.swift */ = {isa = PBXFileReference; fileEncoding = 4; lastKnownFileType = sourcecode.swift; path = LeftViewController.swift; sourceTree = "<group>"; };
		C6A133BB202EAAA200E300A3 /* 設定管理.swift */ = {isa = PBXFileReference; fileEncoding = 4; lastKnownFileType = sourcecode.swift; path = "設定管理.swift"; sourceTree = "<group>"; };
		C6A133BC202EAAA200E300A3 /* SwitchTableViewCell.swift */ = {isa = PBXFileReference; fileEncoding = 4; lastKnownFileType = sourcecode.swift; path = SwitchTableViewCell.swift; sourceTree = "<group>"; };
		C6A133C4202EAADC00E300A3 /* ViewController.swift */ = {isa = PBXFileReference; fileEncoding = 4; lastKnownFileType = sourcecode.swift; path = ViewController.swift; sourceTree = "<group>"; };
		C6A133C5202EAADC00E300A3 /* clockViewController.swift */ = {isa = PBXFileReference; fileEncoding = 4; lastKnownFileType = sourcecode.swift; path = clockViewController.swift; sourceTree = "<group>"; };
		C6A133C6202EAADD00E300A3 /* Main.storyboard */ = {isa = PBXFileReference; fileEncoding = 4; lastKnownFileType = file.storyboard; path = Main.storyboard; sourceTree = "<group>"; };
		C6A133C8202EAADD00E300A3 /* onlyViewController.swift */ = {isa = PBXFileReference; fileEncoding = 4; lastKnownFileType = sourcecode.swift; path = onlyViewController.swift; sourceTree = "<group>"; };
/* End PBXFileReference section */

/* Begin PBXFrameworksBuildPhase section */
		C6305E84202D9D6B003B06AC /* Frameworks */ = {
			isa = PBXFrameworksBuildPhase;
			buildActionMask = 2147483647;
			files = (
				9639E8EA20317D65009D8F25 /* TwitterKit.framework in Frameworks */,
				9639E8EC20317D65009D8F25 /* TwitterCore.framework in Frameworks */,
			);
			runOnlyForDeploymentPostprocessing = 0;
		};
/* End PBXFrameworksBuildPhase section */

/* Begin PBXGroup section */
		C6305E7E202D9D6B003B06AC = {
			isa = PBXGroup;
			children = (
				9639E8E820317D64009D8F25 /* TwitterCore.framework */,
				9639E8E620317D63009D8F25 /* TwitterKit.framework */,
				9639E8E720317D64009D8F25 /* TwitterKitResources.bundle */,
				9639E8E520317D62009D8F25 /* TwitterShareExtensionUIResources.bundle */,
				C6305E89202D9D6B003B06AC /* GOOdClock */,
				C6305E88202D9D6B003B06AC /* Products */,
			);
			sourceTree = "<group>";
		};
		C6305E88202D9D6B003B06AC /* Products */ = {
			isa = PBXGroup;
			children = (
				C6305E87202D9D6B003B06AC /* GOOdClock.app */,
			);
			name = Products;
			sourceTree = "<group>";
		};
		C6305E89202D9D6B003B06AC /* GOOdClock */ = {
			isa = PBXGroup;
			children = (
				C6305E8A202D9D6B003B06AC /* AppDelegate.swift */,
				C6A133C5202EAADC00E300A3 /* clockViewController.swift */,
				C6A133C6202EAADD00E300A3 /* Main.storyboard */,
				C6A133C8202EAADD00E300A3 /* onlyViewController.swift */,
				C6A133C4202EAADC00E300A3 /* ViewController.swift */,
				C6A133B6202EAAA000E300A3 /* color_switch.swift */,
				C6A133B8202EAAA100E300A3 /* draw.swift */,
				C6A133BA202EAAA100E300A3 /* LeftViewController.swift */,
				C6A133B7202EAAA000E300A3 /* SettingViewController.swift */,
				C6A133BC202EAAA200E300A3 /* SwitchTableViewCell.swift */,
				C6A133B9202EAAA100E300A3 /* ThemeTableViewCell.swift */,
				C6A133BB202EAAA200E300A3 /* 設定管理.swift */,
				9639E8ED20317DB7009D8F25 /* TimelineParser.swift */,
				9639E8EF20317DB7009D8F25 /* Tweet.swift */,
				9639E8EE20317DB7009D8F25 /* TweetTableViewCell.swift */,
				9639E8F020317DB7009D8F25 /* TWGetHomeTL.swift */,
				9639E8F120317DB8009D8F25 /* User.swift */,
				C6305E91202D9D6B003B06AC /* Assets.xcassets */,
				C6305E93202D9D6B003B06AC /* LaunchScreen.storyboard */,
				C6305E96202D9D6B003B06AC /* Info.plist */,
				9639E8E320317BDC009D8F25 /* twitterViewController.swift */,
			);
			path = GOOdClock;
			sourceTree = "<group>";
		};
/* End PBXGroup section */

/* Begin PBXNativeTarget section */
		C6305E86202D9D6B003B06AC /* GOOdClock */ = {
			isa = PBXNativeTarget;
			buildConfigurationList = C6305E99202D9D6B003B06AC /* Build configuration list for PBXNativeTarget "GOOdClock" */;
			buildPhases = (
				C6305E83202D9D6B003B06AC /* Sources */,
				C6305E84202D9D6B003B06AC /* Frameworks */,
				C6305E85202D9D6B003B06AC /* Resources */,
			);
			buildRules = (
			);
			dependencies = (
			);
			name = GOOdClock;
			productName = GOOdClock;
			productReference = C6305E87202D9D6B003B06AC /* GOOdClock.app */;
			productType = "com.apple.product-type.application";
		};
/* End PBXNativeTarget section */

/* Begin PBXProject section */
		C6305E7F202D9D6B003B06AC /* Project object */ = {
			isa = PBXProject;
			attributes = {
				LastSwiftUpdateCheck = 0920;
				LastUpgradeCheck = 0920;
				ORGANIZATIONNAME = GOOdTeam;
				TargetAttributes = {
					C6305E86202D9D6B003B06AC = {
						CreatedOnToolsVersion = 9.2;
						ProvisioningStyle = Automatic;
					};
				};
			};
			buildConfigurationList = C6305E82202D9D6B003B06AC /* Build configuration list for PBXProject "GOOdClock" */;
			compatibilityVersion = "Xcode 8.0";
			developmentRegion = en;
			hasScannedForEncodings = 0;
			knownRegions = (
				en,
				Base,
			);
			mainGroup = C6305E7E202D9D6B003B06AC;
			productRefGroup = C6305E88202D9D6B003B06AC /* Products */;
			projectDirPath = "";
			projectRoot = "";
			targets = (
				C6305E86202D9D6B003B06AC /* GOOdClock */,
			);
		};
/* End PBXProject section */

/* Begin PBXResourcesBuildPhase section */
		C6305E85202D9D6B003B06AC /* Resources */ = {
			isa = PBXResourcesBuildPhase;
			buildActionMask = 2147483647;
			files = (
				C6305E95202D9D6B003B06AC /* LaunchScreen.storyboard in Resources */,
				C6305E92202D9D6B003B06AC /* Assets.xcassets in Resources */,
				C6A133CB202EAADE00E300A3 /* Main.storyboard in Resources */,
				9639E8E920317D65009D8F25 /* TwitterShareExtensionUIResources.bundle in Resources */,
				9639E8EB20317D65009D8F25 /* TwitterKitResources.bundle in Resources */,
			);
			runOnlyForDeploymentPostprocessing = 0;
		};
/* End PBXResourcesBuildPhase section */

/* Begin PBXSourcesBuildPhase section */
		C6305E83202D9D6B003B06AC /* Sources */ = {
			isa = PBXSourcesBuildPhase;
			buildActionMask = 2147483647;
			files = (
				9639E8F520317DB8009D8F25 /* TWGetHomeTL.swift in Sources */,
				9639E8E420317BDC009D8F25 /* twitterViewController.swift in Sources */,
				C6A133C9202EAADE00E300A3 /* ViewController.swift in Sources */,
				C6A133BD202EAAA200E300A3 /* color_switch.swift in Sources */,
				C6A133CD202EAADE00E300A3 /* onlyViewController.swift in Sources */,
				C6A133BF202EAAA200E300A3 /* draw.swift in Sources */,
				C6A133C2202EAAA200E300A3 /* 設定管理.swift in Sources */,
				9639E8F620317DB8009D8F25 /* User.swift in Sources */,
				9639E8F420317DB8009D8F25 /* Tweet.swift in Sources */,
				C6A133C0202EAAA200E300A3 /* ThemeTableViewCell.swift in Sources */,
				C6A133CA202EAADE00E300A3 /* clockViewController.swift in Sources */,
				C6A133C3202EAAA200E300A3 /* SwitchTableViewCell.swift in Sources */,
				C6305E8B202D9D6B003B06AC /* AppDelegate.swift in Sources */,
				C6A133C1202EAAA200E300A3 /* LeftViewController.swift in Sources */,
				C6A133BE202EAAA200E300A3 /* SettingViewController.swift in Sources */,
				9639E8F220317DB8009D8F25 /* TimelineParser.swift in Sources */,
				9639E8F320317DB8009D8F25 /* TweetTableViewCell.swift in Sources */,
			);
			runOnlyForDeploymentPostprocessing = 0;
		};
/* End PBXSourcesBuildPhase section */

/* Begin PBXVariantGroup section */
		C6305E93202D9D6B003B06AC /* LaunchScreen.storyboard */ = {
			isa = PBXVariantGroup;
			children = (
				C6305E94202D9D6B003B06AC /* Base */,
			);
			name = LaunchScreen.storyboard;
			sourceTree = "<group>";
		};
/* End PBXVariantGroup section */

/* Begin XCBuildConfiguration section */
		C6305E97202D9D6B003B06AC /* Debug */ = {
			isa = XCBuildConfiguration;
			buildSettings = {
				ALWAYS_SEARCH_USER_PATHS = NO;
				CLANG_ANALYZER_NONNULL = YES;
				CLANG_ANALYZER_NUMBER_OBJECT_CONVERSION = YES_AGGRESSIVE;
				CLANG_CXX_LANGUAGE_STANDARD = "gnu++14";
				CLANG_CXX_LIBRARY = "libc++";
				CLANG_ENABLE_MODULES = YES;
				CLANG_ENABLE_OBJC_ARC = YES;
				CLANG_WARN_BLOCK_CAPTURE_AUTORELEASING = YES;
				CLANG_WARN_BOOL_CONVERSION = YES;
				CLANG_WARN_COMMA = YES;
				CLANG_WARN_CONSTANT_CONVERSION = YES;
				CLANG_WARN_DIRECT_OBJC_ISA_USAGE = YES_ERROR;
				CLANG_WARN_DOCUMENTATION_COMMENTS = YES;
				CLANG_WARN_EMPTY_BODY = YES;
				CLANG_WARN_ENUM_CONVERSION = YES;
				CLANG_WARN_INFINITE_RECURSION = YES;
				CLANG_WARN_INT_CONVERSION = YES;
				CLANG_WARN_NON_LITERAL_NULL_CONVERSION = YES;
				CLANG_WARN_OBJC_LITERAL_CONVERSION = YES;
				CLANG_WARN_OBJC_ROOT_CLASS = YES_ERROR;
				CLANG_WARN_RANGE_LOOP_ANALYSIS = YES;
				CLANG_WARN_STRICT_PROTOTYPES = YES;
				CLANG_WARN_SUSPICIOUS_MOVE = YES;
				CLANG_WARN_UNGUARDED_AVAILABILITY = YES_AGGRESSIVE;
				CLANG_WARN_UNREACHABLE_CODE = YES;
				CLANG_WARN__DUPLICATE_METHOD_MATCH = YES;
				CODE_SIGN_IDENTITY = "iPhone Developer";
				COPY_PHASE_STRIP = NO;
				DEBUG_INFORMATION_FORMAT = dwarf;
				ENABLE_STRICT_OBJC_MSGSEND = YES;
				ENABLE_TESTABILITY = YES;
				GCC_C_LANGUAGE_STANDARD = gnu11;
				GCC_DYNAMIC_NO_PIC = NO;
				GCC_NO_COMMON_BLOCKS = YES;
				GCC_OPTIMIZATION_LEVEL = 0;
				GCC_PREPROCESSOR_DEFINITIONS = (
					"DEBUG=1",
					"$(inherited)",
				);
				GCC_WARN_64_TO_32_BIT_CONVERSION = YES;
				GCC_WARN_ABOUT_RETURN_TYPE = YES_ERROR;
				GCC_WARN_UNDECLARED_SELECTOR = YES;
				GCC_WARN_UNINITIALIZED_AUTOS = YES_AGGRESSIVE;
				GCC_WARN_UNUSED_FUNCTION = YES;
				GCC_WARN_UNUSED_VARIABLE = YES;
				IPHONEOS_DEPLOYMENT_TARGET = 11.2;
				MTL_ENABLE_DEBUG_INFO = YES;
				ONLY_ACTIVE_ARCH = YES;
				SDKROOT = iphoneos;
				SWIFT_ACTIVE_COMPILATION_CONDITIONS = DEBUG;
				SWIFT_OPTIMIZATION_LEVEL = "-Onone";
			};
			name = Debug;
		};
		C6305E98202D9D6B003B06AC /* Release */ = {
			isa = XCBuildConfiguration;
			buildSettings = {
				ALWAYS_SEARCH_USER_PATHS = NO;
				CLANG_ANALYZER_NONNULL = YES;
				CLANG_ANALYZER_NUMBER_OBJECT_CONVERSION = YES_AGGRESSIVE;
				CLANG_CXX_LANGUAGE_STANDARD = "gnu++14";
				CLANG_CXX_LIBRARY = "libc++";
				CLANG_ENABLE_MODULES = YES;
				CLANG_ENABLE_OBJC_ARC = YES;
				CLANG_WARN_BLOCK_CAPTURE_AUTORELEASING = YES;
				CLANG_WARN_BOOL_CONVERSION = YES;
				CLANG_WARN_COMMA = YES;
				CLANG_WARN_CONSTANT_CONVERSION = YES;
				CLANG_WARN_DIRECT_OBJC_ISA_USAGE = YES_ERROR;
				CLANG_WARN_DOCUMENTATION_COMMENTS = YES;
				CLANG_WARN_EMPTY_BODY = YES;
				CLANG_WARN_ENUM_CONVERSION = YES;
				CLANG_WARN_INFINITE_RECURSION = YES;
				CLANG_WARN_INT_CONVERSION = YES;
				CLANG_WARN_NON_LITERAL_NULL_CONVERSION = YES;
				CLANG_WARN_OBJC_LITERAL_CONVERSION = YES;
				CLANG_WARN_OBJC_ROOT_CLASS = YES_ERROR;
				CLANG_WARN_RANGE_LOOP_ANALYSIS = YES;
				CLANG_WARN_STRICT_PROTOTYPES = YES;
				CLANG_WARN_SUSPICIOUS_MOVE = YES;
				CLANG_WARN_UNGUARDED_AVAILABILITY = YES_AGGRESSIVE;
				CLANG_WARN_UNREACHABLE_CODE = YES;
				CLANG_WARN__DUPLICATE_METHOD_MATCH = YES;
				CODE_SIGN_IDENTITY = "iPhone Developer";
				COPY_PHASE_STRIP = NO;
				DEBUG_INFORMATION_FORMAT = "dwarf-with-dsym";
				ENABLE_NS_ASSERTIONS = NO;
				ENABLE_STRICT_OBJC_MSGSEND = YES;
				GCC_C_LANGUAGE_STANDARD = gnu11;
				GCC_NO_COMMON_BLOCKS = YES;
				GCC_WARN_64_TO_32_BIT_CONVERSION = YES;
				GCC_WARN_ABOUT_RETURN_TYPE = YES_ERROR;
				GCC_WARN_UNDECLARED_SELECTOR = YES;
				GCC_WARN_UNINITIALIZED_AUTOS = YES_AGGRESSIVE;
				GCC_WARN_UNUSED_FUNCTION = YES;
				GCC_WARN_UNUSED_VARIABLE = YES;
				IPHONEOS_DEPLOYMENT_TARGET = 11.2;
				MTL_ENABLE_DEBUG_INFO = NO;
				SDKROOT = iphoneos;
				SWIFT_OPTIMIZATION_LEVEL = "-Owholemodule";
				VALIDATE_PRODUCT = YES;
			};
			name = Release;
		};
		C6305E9A202D9D6B003B06AC /* Debug */ = {
			isa = XCBuildConfiguration;
			buildSettings = {
				ASSETCATALOG_COMPILER_APPICON_NAME = AppIcon;
				CODE_SIGN_STYLE = Automatic;
				DEVELOPMENT_TEAM = 6696GEY228;
				FRAMEWORK_SEARCH_PATHS = (
					"$(inherited)",
					"$(PROJECT_DIR)",
				);
				INFOPLIST_FILE = GOOdClock/Info.plist;
				LD_RUNPATH_SEARCH_PATHS = "$(inherited) @executable_path/Frameworks";
				PRODUCT_BUNDLE_IDENTIFIER = syouganabe.GOOdClock;
				PRODUCT_NAME = "$(TARGET_NAME)";
				SWIFT_VERSION = 4.0;
				TARGETED_DEVICE_FAMILY = "1,2";
			};
			name = Debug;
		};
		C6305E9B202D9D6B003B06AC /* Release */ = {
			isa = XCBuildConfiguration;
			buildSettings = {
				ASSETCATALOG_COMPILER_APPICON_NAME = AppIcon;
				CODE_SIGN_STYLE = Automatic;
				DEVELOPMENT_TEAM = 6696GEY228;
				FRAMEWORK_SEARCH_PATHS = (
					"$(inherited)",
					"$(PROJECT_DIR)",
				);
				INFOPLIST_FILE = GOOdClock/Info.plist;
				LD_RUNPATH_SEARCH_PATHS = "$(inherited) @executable_path/Frameworks";
				PRODUCT_BUNDLE_IDENTIFIER = syouganabe.GOOdClock;
				PRODUCT_NAME = "$(TARGET_NAME)";
				SWIFT_VERSION = 4.0;
				TARGETED_DEVICE_FAMILY = "1,2";
			};
			name = Release;
		};
/* End XCBuildConfiguration section */

/* Begin XCConfigurationList section */
		C6305E82202D9D6B003B06AC /* Build configuration list for PBXProject "GOOdClock" */ = {
			isa = XCConfigurationList;
			buildConfigurations = (
				C6305E97202D9D6B003B06AC /* Debug */,
				C6305E98202D9D6B003B06AC /* Release */,
			);
			defaultConfigurationIsVisible = 0;
			defaultConfigurationName = Release;
		};
		C6305E99202D9D6B003B06AC /* Build configuration list for PBXNativeTarget "GOOdClock" */ = {
			isa = XCConfigurationList;
			buildConfigurations = (
				C6305E9A202D9D6B003B06AC /* Debug */,
				C6305E9B202D9D6B003B06AC /* Release */,
			);
			defaultConfigurationIsVisible = 0;
			defaultConfigurationName = Release;
		};
/* End XCConfigurationList section */
	};
	rootObject = C6305E7F202D9D6B003B06AC /* Project object */;
}
